// !$*UTF8*$!
{
	archiveVersion = 1;
	classes = {
	};
	objectVersion = 46;
	objects = {

/* Begin PBXBuildFile section */
		C3827F2B14DEBDFD00EF6384 /* UIKit.framework in Frameworks */ = {isa = PBXBuildFile; fileRef = C3827F2A14DEBDFD00EF6384 /* UIKit.framework */; };
		C3827F2D14DEBDFD00EF6384 /* Foundation.framework in Frameworks */ = {isa = PBXBuildFile; fileRef = C3827F2C14DEBDFD00EF6384 /* Foundation.framework */; };
		C3827F2F14DEBDFD00EF6384 /* CoreGraphics.framework in Frameworks */ = {isa = PBXBuildFile; fileRef = C3827F2E14DEBDFD00EF6384 /* CoreGraphics.framework */; };
		C3827F3514DEBDFD00EF6384 /* InfoPlist.strings in Resources */ = {isa = PBXBuildFile; fileRef = C3827F3314DEBDFD00EF6384 /* InfoPlist.strings */; };
		C3827F3714DEBDFD00EF6384 /* main.m in Sources */ = {isa = PBXBuildFile; fileRef = C3827F3614DEBDFD00EF6384 /* main.m */; };
		C3827F3B14DEBDFD00EF6384 /* SunflowerAppDelegate.m in Sources */ = {isa = PBXBuildFile; fileRef = C3827F3A14DEBDFD00EF6384 /* SunflowerAppDelegate.m */; };
		C3827F3E14DEBDFD00EF6384 /* MainStoryboard.storyboard in Resources */ = {isa = PBXBuildFile; fileRef = C3827F3C14DEBDFD00EF6384 /* MainStoryboard.storyboard */; };
		C3827F4114DEBDFD00EF6384 /* SunflowerViewController.m in Sources */ = {isa = PBXBuildFile; fileRef = C3827F4014DEBDFD00EF6384 /* SunflowerViewController.m */; };
		C3827F4914DEBDFD00EF6384 /* SenTestingKit.framework in Frameworks */ = {isa = PBXBuildFile; fileRef = C3827F4814DEBDFD00EF6384 /* SenTestingKit.framework */; };
		C3827F4A14DEBDFD00EF6384 /* UIKit.framework in Frameworks */ = {isa = PBXBuildFile; fileRef = C3827F2A14DEBDFD00EF6384 /* UIKit.framework */; };
		C3827F4B14DEBDFD00EF6384 /* Foundation.framework in Frameworks */ = {isa = PBXBuildFile; fileRef = C3827F2C14DEBDFD00EF6384 /* Foundation.framework */; };
		C3827F5314DEBDFD00EF6384 /* InfoPlist.strings in Resources */ = {isa = PBXBuildFile; fileRef = C3827F5114DEBDFD00EF6384 /* InfoPlist.strings */; };
		C3827F5614DEBDFD00EF6384 /* SunflowerTests.m in Sources */ = {isa = PBXBuildFile; fileRef = C3827F5514DEBDFD00EF6384 /* SunflowerTests.m */; };
/* End PBXBuildFile section */

/* Begin PBXContainerItemProxy section */
		C3827F4C14DEBDFD00EF6384 /* PBXContainerItemProxy */ = {
			isa = PBXContainerItemProxy;
			containerPortal = C3827F1D14DEBDFD00EF6384 /* Project object */;
			proxyType = 1;
			remoteGlobalIDString = C3827F2514DEBDFD00EF6384;
			remoteInfo = Sunflower;
		};
/* End PBXContainerItemProxy section */

/* Begin PBXFileReference section */
		C3827F2614DEBDFD00EF6384 /* Sunflower.app */ = {isa = PBXFileReference; explicitFileType = wrapper.application; includeInIndex = 0; path = Sunflower.app; sourceTree = BUILT_PRODUCTS_DIR; };
		C3827F2A14DEBDFD00EF6384 /* UIKit.framework */ = {isa = PBXFileReference; lastKnownFileType = wrapper.framework; name = UIKit.framework; path = System/Library/Frameworks/UIKit.framework; sourceTree = SDKROOT; };
		C3827F2C14DEBDFD00EF6384 /* Foundation.framework */ = {isa = PBXFileReference; lastKnownFileType = wrapper.framework; name = Foundation.framework; path = System/Library/Frameworks/Foundation.framework; sourceTree = SDKROOT; };
		C3827F2E14DEBDFD00EF6384 /* CoreGraphics.framework */ = {isa = PBXFileReference; lastKnownFileType = wrapper.framework; name = CoreGraphics.framework; path = System/Library/Frameworks/CoreGraphics.framework; sourceTree = SDKROOT; };
		C3827F3214DEBDFD00EF6384 /* Sunflower-Info.plist */ = {isa = PBXFileReference; lastKnownFileType = text.plist.xml; path = "Sunflower-Info.plist"; sourceTree = "<group>"; };
		C3827F3414DEBDFD00EF6384 /* en */ = {isa = PBXFileReference; lastKnownFileType = text.plist.strings; name = en; path = en.lproj/InfoPlist.strings; sourceTree = "<group>"; };
		C3827F3614DEBDFD00EF6384 /* main.m */ = {isa = PBXFileReference; lastKnownFileType = sourcecode.c.objc; path = main.m; sourceTree = "<group>"; };
		C3827F3814DEBDFD00EF6384 /* Sunflower-Prefix.pch */ = {isa = PBXFileReference; lastKnownFileType = sourcecode.c.h; path = "Sunflower-Prefix.pch"; sourceTree = "<group>"; };
		C3827F3914DEBDFD00EF6384 /* SunflowerAppDelegate.h */ = {isa = PBXFileReference; lastKnownFileType = sourcecode.c.h; path = SunflowerAppDelegate.h; sourceTree = "<group>"; };
		C3827F3A14DEBDFD00EF6384 /* SunflowerAppDelegate.m */ = {isa = PBXFileReference; lastKnownFileType = sourcecode.c.objc; path = SunflowerAppDelegate.m; sourceTree = "<group>"; };
		C3827F3D14DEBDFD00EF6384 /* en */ = {isa = PBXFileReference; lastKnownFileType = file.storyboard; name = en; path = en.lproj/MainStoryboard.storyboard; sourceTree = "<group>"; };
		C3827F3F14DEBDFD00EF6384 /* SunflowerViewController.h */ = {isa = PBXFileReference; lastKnownFileType = sourcecode.c.h; path = SunflowerViewController.h; sourceTree = "<group>"; };
		C3827F4014DEBDFD00EF6384 /* SunflowerViewController.m */ = {isa = PBXFileReference; lastKnownFileType = sourcecode.c.objc; path = SunflowerViewController.m; sourceTree = "<group>"; };
		C3827F4714DEBDFD00EF6384 /* SunflowerTests.octest */ = {isa = PBXFileReference; explicitFileType = wrapper.cfbundle; includeInIndex = 0; path = SunflowerTests.octest; sourceTree = BUILT_PRODUCTS_DIR; };
		C3827F4814DEBDFD00EF6384 /* SenTestingKit.framework */ = {isa = PBXFileReference; lastKnownFileType = wrapper.framework; name = SenTestingKit.framework; path = Library/Frameworks/SenTestingKit.framework; sourceTree = DEVELOPER_DIR; };
		C3827F5014DEBDFD00EF6384 /* SunflowerTests-Info.plist */ = {isa = PBXFileReference; lastKnownFileType = text.plist.xml; path = "SunflowerTests-Info.plist"; sourceTree = "<group>"; };
		C3827F5214DEBDFD00EF6384 /* en */ = {isa = PBXFileReference; lastKnownFileType = text.plist.strings; name = en; path = en.lproj/InfoPlist.strings; sourceTree = "<group>"; };
		C3827F5414DEBDFD00EF6384 /* SunflowerTests.h */ = {isa = PBXFileReference; lastKnownFileType = sourcecode.c.h; path = SunflowerTests.h; sourceTree = "<group>"; };
		C3827F5514DEBDFD00EF6384 /* SunflowerTests.m */ = {isa = PBXFileReference; lastKnownFileType = sourcecode.c.objc; path = SunflowerTests.m; sourceTree = "<group>"; };
/* End PBXFileReference section */

/* Begin PBXFrameworksBuildPhase section */
		C3827F2314DEBDFD00EF6384 /* Frameworks */ = {
			isa = PBXFrameworksBuildPhase;
			buildActionMask = 2147483647;
			files = (
				C3827F2B14DEBDFD00EF6384 /* UIKit.framework in Frameworks */,
				C3827F2D14DEBDFD00EF6384 /* Foundation.framework in Frameworks */,
				C3827F2F14DEBDFD00EF6384 /* CoreGraphics.framework in Frameworks */,
			);
			runOnlyForDeploymentPostprocessing = 0;
		};
		C3827F4314DEBDFD00EF6384 /* Frameworks */ = {
			isa = PBXFrameworksBuildPhase;
			buildActionMask = 2147483647;
			files = (
				C3827F4914DEBDFD00EF6384 /* SenTestingKit.framework in Frameworks */,
				C3827F4A14DEBDFD00EF6384 /* UIKit.framework in Frameworks */,
				C3827F4B14DEBDFD00EF6384 /* Foundation.framework in Frameworks */,
			);
			runOnlyForDeploymentPostprocessing = 0;
		};
/* End PBXFrameworksBuildPhase section */

/* Begin PBXGroup section */
		C3827F1B14DEBDFD00EF6384 = {
			isa = PBXGroup;
			children = (
				C3827F3014DEBDFD00EF6384 /* Sunflower */,
				C3827F4E14DEBDFD00EF6384 /* SunflowerTests */,
				C3827F2914DEBDFD00EF6384 /* Frameworks */,
				C3827F2714DEBDFD00EF6384 /* Products */,
			);
			sourceTree = "<group>";
		};
		C3827F2714DEBDFD00EF6384 /* Products */ = {
			isa = PBXGroup;
			children = (
				C3827F2614DEBDFD00EF6384 /* Sunflower.app */,
				C3827F4714DEBDFD00EF6384 /* SunflowerTests.octest */,
			);
			name = Products;
			sourceTree = "<group>";
		};
		C3827F2914DEBDFD00EF6384 /* Frameworks */ = {
			isa = PBXGroup;
			children = (
				C3827F2A14DEBDFD00EF6384 /* UIKit.framework */,
				C3827F2C14DEBDFD00EF6384 /* Foundation.framework */,
				C3827F2E14DEBDFD00EF6384 /* CoreGraphics.framework */,
				C3827F4814DEBDFD00EF6384 /* SenTestingKit.framework */,
			);
			name = Frameworks;
			sourceTree = "<group>";
		};
		C3827F3014DEBDFD00EF6384 /* Sunflower */ = {
			isa = PBXGroup;
			children = (
				C3827F3914DEBDFD00EF6384 /* SunflowerAppDelegate.h */,
				C3827F3A14DEBDFD00EF6384 /* SunflowerAppDelegate.m */,
				C3827F3C14DEBDFD00EF6384 /* MainStoryboard.storyboard */,
				C3827F3F14DEBDFD00EF6384 /* SunflowerViewController.h */,
				C3827F4014DEBDFD00EF6384 /* SunflowerViewController.m */,
				C3827F3114DEBDFD00EF6384 /* Supporting Files */,
			);
			path = Sunflower;
			sourceTree = "<group>";
		};
		C3827F3114DEBDFD00EF6384 /* Supporting Files */ = {
			isa = PBXGroup;
			children = (
				C3827F3214DEBDFD00EF6384 /* Sunflower-Info.plist */,
				C3827F3314DEBDFD00EF6384 /* InfoPlist.strings */,
				C3827F3614DEBDFD00EF6384 /* main.m */,
				C3827F3814DEBDFD00EF6384 /* Sunflower-Prefix.pch */,
			);
			name = "Supporting Files";
			sourceTree = "<group>";
		};
		C3827F4E14DEBDFD00EF6384 /* SunflowerTests */ = {
			isa = PBXGroup;
			children = (
				C3827F5414DEBDFD00EF6384 /* SunflowerTests.h */,
				C3827F5514DEBDFD00EF6384 /* SunflowerTests.m */,
				C3827F4F14DEBDFD00EF6384 /* Supporting Files */,
			);
			path = SunflowerTests;
			sourceTree = "<group>";
		};
		C3827F4F14DEBDFD00EF6384 /* Supporting Files */ = {
			isa = PBXGroup;
			children = (
				C3827F5014DEBDFD00EF6384 /* SunflowerTests-Info.plist */,
				C3827F5114DEBDFD00EF6384 /* InfoPlist.strings */,
			);
			name = "Supporting Files";
			sourceTree = "<group>";
		};
/* End PBXGroup section */

/* Begin PBXNativeTarget section */
		C3827F2514DEBDFD00EF6384 /* Sunflower */ = {
			isa = PBXNativeTarget;
			buildConfigurationList = C3827F5914DEBDFD00EF6384 /* Build configuration list for PBXNativeTarget "Sunflower" */;
			buildPhases = (
				C3827F2214DEBDFD00EF6384 /* Sources */,
				C3827F2314DEBDFD00EF6384 /* Frameworks */,
				C3827F2414DEBDFD00EF6384 /* Resources */,
			);
			buildRules = (
			);
			dependencies = (
			);
			name = Sunflower;
			productName = Sunflower;
			productReference = C3827F2614DEBDFD00EF6384 /* Sunflower.app */;
			productType = "com.apple.product-type.application";
		};
		C3827F4614DEBDFD00EF6384 /* SunflowerTests */ = {
			isa = PBXNativeTarget;
			buildConfigurationList = C3827F5C14DEBDFD00EF6384 /* Build configuration list for PBXNativeTarget "SunflowerTests" */;
			buildPhases = (
				C3827F4214DEBDFD00EF6384 /* Sources */,
				C3827F4314DEBDFD00EF6384 /* Frameworks */,
				C3827F4414DEBDFD00EF6384 /* Resources */,
				C3827F4514DEBDFD00EF6384 /* ShellScript */,
			);
			buildRules = (
			);
			dependencies = (
				C3827F4D14DEBDFD00EF6384 /* PBXTargetDependency */,
			);
			name = SunflowerTests;
			productName = SunflowerTests;
			productReference = C3827F4714DEBDFD00EF6384 /* SunflowerTests.octest */;
			productType = "com.apple.product-type.bundle";
		};
/* End PBXNativeTarget section */

/* Begin PBXProject section */
		C3827F1D14DEBDFD00EF6384 /* Project object */ = {
			isa = PBXProject;
			attributes = {
				LastUpgradeCheck = 0420;
			};
			buildConfigurationList = C3827F2014DEBDFD00EF6384 /* Build configuration list for PBXProject "Sunflower" */;
			compatibilityVersion = "Xcode 3.2";
			developmentRegion = English;
			hasScannedForEncodings = 0;
			knownRegions = (
				en,
			);
			mainGroup = C3827F1B14DEBDFD00EF6384;
			productRefGroup = C3827F2714DEBDFD00EF6384 /* Products */;
			projectDirPath = "";
			projectRoot = "";
			targets = (
				C3827F2514DEBDFD00EF6384 /* Sunflower */,
				C3827F4614DEBDFD00EF6384 /* SunflowerTests */,
			);
		};
/* End PBXProject section */

/* Begin PBXResourcesBuildPhase section */
		C3827F2414DEBDFD00EF6384 /* Resources */ = {
			isa = PBXResourcesBuildPhase;
			buildActionMask = 2147483647;
			files = (
				C3827F3514DEBDFD00EF6384 /* InfoPlist.strings in Resources */,
				C3827F3E14DEBDFD00EF6384 /* MainStoryboard.storyboard in Resources */,
			);
			runOnlyForDeploymentPostprocessing = 0;
		};
		C3827F4414DEBDFD00EF6384 /* Resources */ = {
			isa = PBXResourcesBuildPhase;
			buildActionMask = 2147483647;
			files = (
				C3827F5314DEBDFD00EF6384 /* InfoPlist.strings in Resources */,
			);
			runOnlyForDeploymentPostprocessing = 0;
		};
/* End PBXResourcesBuildPhase section */

/* Begin PBXShellScriptBuildPhase section */
		C3827F4514DEBDFD00EF6384 /* ShellScript */ = {
			isa = PBXShellScriptBuildPhase;
			buildActionMask = 2147483647;
			files = (
			);
			inputPaths = (
			);
			outputPaths = (
			);
			runOnlyForDeploymentPostprocessing = 0;
			shellPath = /bin/sh;
			shellScript = "# Run the unit tests in this test bundle.\n\"${SYSTEM_DEVELOPER_DIR}/Tools/RunUnitTests\"\n";
		};
/* End PBXShellScriptBuildPhase section */

/* Begin PBXSourcesBuildPhase section */
		C3827F2214DEBDFD00EF6384 /* Sources */ = {
			isa = PBXSourcesBuildPhase;
			buildActionMask = 2147483647;
			files = (
				C3827F3714DEBDFD00EF6384 /* main.m in Sources */,
				C3827F3B14DEBDFD00EF6384 /* SunflowerAppDelegate.m in Sources */,
				C3827F4114DEBDFD00EF6384 /* SunflowerViewController.m in Sources */,
			);
			runOnlyForDeploymentPostprocessing = 0;
		};
		C3827F4214DEBDFD00EF6384 /* Sources */ = {
			isa = PBXSourcesBuildPhase;
			buildActionMask = 2147483647;
			files = (
				C3827F5614DEBDFD00EF6384 /* SunflowerTests.m in Sources */,
			);
			runOnlyForDeploymentPostprocessing = 0;
		};
/* End PBXSourcesBuildPhase section */

/* Begin PBXTargetDependency section */
		C3827F4D14DEBDFD00EF6384 /* PBXTargetDependency */ = {
			isa = PBXTargetDependency;
			target = C3827F2514DEBDFD00EF6384 /* Sunflower */;
			targetProxy = C3827F4C14DEBDFD00EF6384 /* PBXContainerItemProxy */;
		};
/* End PBXTargetDependency section */

/* Begin PBXVariantGroup section */
		C3827F3314DEBDFD00EF6384 /* InfoPlist.strings */ = {
			isa = PBXVariantGroup;
			children = (
				C3827F3414DEBDFD00EF6384 /* en */,
			);
			name = InfoPlist.strings;
			sourceTree = "<group>";
		};
		C3827F3C14DEBDFD00EF6384 /* MainStoryboard.storyboard */ = {
			isa = PBXVariantGroup;
			children = (
				C3827F3D14DEBDFD00EF6384 /* en */,
			);
			name = MainStoryboard.storyboard;
			sourceTree = "<group>";
		};
		C3827F5114DEBDFD00EF6384 /* InfoPlist.strings */ = {
			isa = PBXVariantGroup;
			children = (
				C3827F5214DEBDFD00EF6384 /* en */,
			);
			name = InfoPlist.strings;
			sourceTree = "<group>";
		};
/* End PBXVariantGroup section */

/* Begin XCBuildConfiguration section */
		C3827F5714DEBDFD00EF6384 /* Debug */ = {
			isa = XCBuildConfiguration;
			buildSettings = {
				ALWAYS_SEARCH_USER_PATHS = NO;
				ARCHS = "$(ARCHS_STANDARD_32_BIT)";
				CLANG_ENABLE_OBJC_ARC = YES;
				"CODE_SIGN_IDENTITY[sdk=iphoneos*]" = "iPhone Developer";
				COPY_PHASE_STRIP = NO;
				GCC_C_LANGUAGE_STANDARD = gnu99;
				GCC_DYNAMIC_NO_PIC = NO;
				GCC_OPTIMIZATION_LEVEL = 0;
				GCC_PREPROCESSOR_DEFINITIONS = (
					"DEBUG=1",
					"$(inherited)",
				);
				GCC_SYMBOLS_PRIVATE_EXTERN = NO;
				GCC_VERSION = com.apple.compilers.llvm.clang.1_0;
				GCC_WARN_ABOUT_MISSING_PROTOTYPES = YES;
				GCC_WARN_ABOUT_RETURN_TYPE = YES;
				GCC_WARN_UNUSED_VARIABLE = YES;
				IPHONEOS_DEPLOYMENT_TARGET = 5.0;
				SDKROOT = iphoneos;
			};
			name = Debug;
		};
		C3827F5814DEBDFD00EF6384 /* Release */ = {
			isa = XCBuildConfiguration;
			buildSettings = {
				ALWAYS_SEARCH_USER_PATHS = NO;
				ARCHS = "$(ARCHS_STANDARD_32_BIT)";
				CLANG_ENABLE_OBJC_ARC = YES;
				"CODE_SIGN_IDENTITY[sdk=iphoneos*]" = "iPhone Developer";
				COPY_PHASE_STRIP = YES;
				GCC_C_LANGUAGE_STANDARD = gnu99;
				GCC_VERSION = com.apple.compilers.llvm.clang.1_0;
				GCC_WARN_ABOUT_MISSING_PROTOTYPES = YES;
				GCC_WARN_ABOUT_RETURN_TYPE = YES;
				GCC_WARN_UNUSED_VARIABLE = YES;
				IPHONEOS_DEPLOYMENT_TARGET = 5.0;
				OTHER_CFLAGS = "-DNS_BLOCK_ASSERTIONS=1";
				SDKROOT = iphoneos;
				VALIDATE_PRODUCT = YES;
			};
			name = Release;
		};
		C3827F5A14DEBDFD00EF6384 /* Debug */ = {
			isa = XCBuildConfiguration;
			buildSettings = {
				GCC_PRECOMPILE_PREFIX_HEADER = YES;
				GCC_PREFIX_HEADER = "Sunflower/Sunflower-Prefix.pch";
				INFOPLIST_FILE = "Sunflower/Sunflower-Info.plist";
				PRODUCT_NAME = "$(TARGET_NAME)";
				WRAPPER_EXTENSION = app;
			};
			name = Debug;
		};
		C3827F5B14DEBDFD00EF6384 /* Release */ = {
			isa = XCBuildConfiguration;
			buildSettings = {
				GCC_PRECOMPILE_PREFIX_HEADER = YES;
				GCC_PREFIX_HEADER = "Sunflower/Sunflower-Prefix.pch";
				INFOPLIST_FILE = "Sunflower/Sunflower-Info.plist";
				PRODUCT_NAME = "$(TARGET_NAME)";
				WRAPPER_EXTENSION = app;
			};
			name = Release;
		};
		C3827F5D14DEBDFD00EF6384 /* Debug */ = {
			isa = XCBuildConfiguration;
			buildSettings = {
				BUNDLE_LOADER = "$(BUILT_PRODUCTS_DIR)/Sunflower.app/Sunflower";
				FRAMEWORK_SEARCH_PATHS = (
					"$(SDKROOT)/Developer/Library/Frameworks",
					"$(DEVELOPER_LIBRARY_DIR)/Frameworks",
				);
				GCC_PRECOMPILE_PREFIX_HEADER = YES;
				GCC_PREFIX_HEADER = "Sunflower/Sunflower-Prefix.pch";
				INFOPLIST_FILE = "SunflowerTests/SunflowerTests-Info.plist";
				PRODUCT_NAME = "$(TARGET_NAME)";
				TEST_HOST = "$(BUNDLE_LOADER)";
				WRAPPER_EXTENSION = octest;
			};
			name = Debug;
		};
		C3827F5E14DEBDFD00EF6384 /* Release */ = {
			isa = XCBuildConfiguration;
			buildSettings = {
				BUNDLE_LOADER = "$(BUILT_PRODUCTS_DIR)/Sunflower.app/Sunflower";
				FRAMEWORK_SEARCH_PATHS = (
					"$(SDKROOT)/Developer/Library/Frameworks",
					"$(DEVELOPER_LIBRARY_DIR)/Frameworks",
				);
				GCC_PRECOMPILE_PREFIX_HEADER = YES;
				GCC_PREFIX_HEADER = "Sunflower/Sunflower-Prefix.pch";
				INFOPLIST_FILE = "SunflowerTests/SunflowerTests-Info.plist";
				PRODUCT_NAME = "$(TARGET_NAME)";
				TEST_HOST = "$(BUNDLE_LOADER)";
				WRAPPER_EXTENSION = octest;
			};
			name = Release;
		};
/* End XCBuildConfiguration section */

/* Begin XCConfigurationList section */
		C3827F2014DEBDFD00EF6384 /* Build configuration list for PBXProject "Sunflower" */ = {
			isa = XCConfigurationList;
			buildConfigurations = (
				C3827F5714DEBDFD00EF6384 /* Debug */,
				C3827F5814DEBDFD00EF6384 /* Release */,
			);
			defaultConfigurationIsVisible = 0;
			defaultConfigurationName = Release;
		};
		C3827F5914DEBDFD00EF6384 /* Build configuration list for PBXNativeTarget "Sunflower" */ = {
			isa = XCConfigurationList;
			buildConfigurations = (
				C3827F5A14DEBDFD00EF6384 /* Debug */,
				C3827F5B14DEBDFD00EF6384 /* Release */,
			);
			defaultConfigurationIsVisible = 0;
		};
		C3827F5C14DEBDFD00EF6384 /* Build configuration list for PBXNativeTarget "SunflowerTests" */ = {
			isa = XCConfigurationList;
			buildConfigurations = (
				C3827F5D14DEBDFD00EF6384 /* Debug */,
				C3827F5E14DEBDFD00EF6384 /* Release */,
			);
			defaultConfigurationIsVisible = 0;
		};
/* End XCConfigurationList section */
	};
	rootObject = C3827F1D14DEBDFD00EF6384 /* Project object */;
}
